// !$*UTF8*$!
{
	archiveVersion = 1;
	classes = {
	};
	objectVersion = 56;
	objects = {

/* Begin PBXBuildFile section */
		B5B5063E2FF169F9000F78B1 /* App.swift in Sources */ = {isa = PBXBuildFile; fileRef = B5B5063C2FF169F9000F78B1 /* App.swift */; };
		B5B506432FF16A05000F78B1 /* ConfigurationManager.swift in Sources */ = {isa = PBXBuildFile; fileRef = B5B5063F2FF16A05000F78B1 /* ConfigurationManager.swift */; };
		B5B506442FF16A05000F78B1 /* Errors.swift in Sources */ = {isa = PBXBuildFile; fileRef = B5B506402FF16A05000F78B1 /* Errors.swift */; };
		B5B506452FF16A05000F78B1 /* Logger.swift in Sources */ = {isa = PBXBuildFile; fileRef = B5B506412FF16A05000F78B1 /* Logger.swift */; };
		B5B5064A2FF16A0E000F78B1 /* Assets.xcassets in Resources */ = {isa = PBXBuildFile; fileRef = B5B506462FF16A0E000F78B1 /* Assets.xcassets */; };
		B5B506542FF16A1C000F78B1 /* GhosttyLauncher.swift in Sources */ = {isa = PBXBuildFile; fileRef = B5B5064C2FF16A1C000F78B1 /* GhosttyLauncher.swift */; };
		B5B506552FF16A1C000F78B1 /* ITerm2Launcher.swift in Sources */ = {isa = PBXBuildFile; fileRef = B5B5064D2FF16A1C000F78B1 /* ITerm2Launcher.swift */; };
		B5B506572FF16A1C000F78B1 /* TerminalAppLauncher.swift in Sources */ = {isa = PBXBuildFile; fileRef = B5B5064F2FF16A1C000F78B1 /* TerminalAppLauncher.swift */; };
		B5B506592FF16A1C000F78B1 /* FinderService.swift in Sources */ = {isa = PBXBuildFile; fileRef = B5B506522FF16A1C000F78B1 /* FinderService.swift */; };
/* End PBXBuildFile section */

/* Begin PBXFileReference section */
		B5B506092FF1593C000F78B1 /* opencur.app */ = {isa = PBXFileReference; explicitFileType = wrapper.application; includeInIndex = 0; path = opencur.app; sourceTree = BUILT_PRODUCTS_DIR; };
		B5B5063C2FF169F9000F78B1 /* App.swift */ = {isa = PBXFileReference; fileEncoding = 4; lastKnownFileType = sourcecode.swift; path = App.swift; sourceTree = "<group>"; };
		B5B5063F2FF16A05000F78B1 /* ConfigurationManager.swift */ = {isa = PBXFileReference; fileEncoding = 4; lastKnownFileType = sourcecode.swift; path = ConfigurationManager.swift; sourceTree = "<group>"; };
		B5B506402FF16A05000F78B1 /* Errors.swift */ = {isa = PBXFileReference; fileEncoding = 4; lastKnownFileType = sourcecode.swift; path = Errors.swift; sourceTree = "<group>"; };
		B5B506412FF16A05000F78B1 /* Logger.swift */ = {isa = PBXFileReference; fileEncoding = 4; lastKnownFileType = sourcecode.swift; path = Logger.swift; sourceTree = "<group>"; };
		B5B506462FF16A0E000F78B1 /* Assets.xcassets */ = {isa = PBXFileReference; lastKnownFileType = folder.assetcatalog; path = Assets.xcassets; sourceTree = "<group>"; };
		B5B506472FF16A0E000F78B1 /* Info.plist */ = {isa = PBXFileReference; fileEncoding = 4; lastKnownFileType = text.plist.xml; path = Info.plist; sourceTree = "<group>"; };
		B5B506482FF16A0E000F78B1 /* opencur.entitlements */ = {isa = PBXFileReference; fileEncoding = 4; lastKnownFileType = text.plist.entitlements; path = opencur.entitlements; sourceTree = "<group>"; };
		B5B5064C2FF16A1C000F78B1 /* GhosttyLauncher.swift */ = {isa = PBXFileReference; fileEncoding = 4; lastKnownFileType = sourcecode.swift; path = GhosttyLauncher.swift; sourceTree = "<group>"; };
		B5B5064D2FF16A1C000F78B1 /* ITerm2Launcher.swift */ = {isa = PBXFileReference; fileEncoding = 4; lastKnownFileType = sourcecode.swift; path = ITerm2Launcher.swift; sourceTree = "<group>"; };
		B5B5064F2FF16A1C000F78B1 /* TerminalAppLauncher.swift */ = {isa = PBXFileReference; fileEncoding = 4; lastKnownFileType = sourcecode.swift; path = TerminalAppLauncher.swift; sourceTree = "<group>"; };
		B5B506522FF16A1C000F78B1 /* FinderService.swift */ = {isa = PBXFileReference; fileEncoding = 4; lastKnownFileType = sourcecode.swift; path = FinderService.swift; sourceTree = "<group>"; };
/* End PBXFileReference section */

/* Begin PBXFrameworksBuildPhase section */
		B5B506062FF1593C000F78B1 /* Frameworks */ = {
			isa = PBXFrameworksBuildPhase;
			buildActionMask = 2147483647;
			files = (
			);
			runOnlyForDeploymentPostprocessing = 0;
		};
/* End PBXFrameworksBuildPhase section */

/* Begin PBXGroup section */
		B5B506002FF1593C000F78B1 = {
			isa = PBXGroup;
			children = (
				B5B506532FF16A1C000F78B1 /* Services */,
				B5B506422FF16A05000F78B1 /* Core */,
				B5B506492FF16A0E000F78B1 /* Resources */,
				B5B5063D2FF169F9000F78B1 /* App */,
				B5B5060A2FF1593C000F78B1 /* Products */,
			);
			sourceTree = "<group>";
		};
		B5B5060A2FF1593C000F78B1 /* Products */ = {
			isa = PBXGroup;
			children = (
				B5B506092FF1593C000F78B1 /* opencur.app */,
			);
			name = Products;
			sourceTree = "<group>";
		};
		B5B5063D2FF169F9000F78B1 /* App */ = {
			isa = PBXGroup;
			children = (
				B5B5063C2FF169F9000F78B1 /* App.swift */,
			);
			path = App;
			sourceTree = "<group>";
		};
		B5B506422FF16A05000F78B1 /* Core */ = {
			isa = PBXGroup;
			children = (
				B5B5063F2FF16A05000F78B1 /* ConfigurationManager.swift */,
				B5B506402FF16A05000F78B1 /* Errors.swift */,
				B5B506412FF16A05000F78B1 /* Logger.swift */,
			);
			path = Core;
			sourceTree = SOURCE_ROOT;
		};
		B5B506492FF16A0E000F78B1 /* Resources */ = {
			isa = PBXGroup;
			children = (
				B5B506462FF16A0E000F78B1 /* Assets.xcassets */,
				B5B506472FF16A0E000F78B1 /* Info.plist */,
				B5B506482FF16A0E000F78B1 /* opencur.entitlements */,
			);
			path = Resources;
			sourceTree = SOURCE_ROOT;
		};
		B5B506512FF16A1C000F78B1 /* TerminalLauncher */ = {
			isa = PBXGroup;
			children = (
				B5B5064C2FF16A1C000F78B1 /* GhosttyLauncher.swift */,
				B5B5064D2FF16A1C000F78B1 /* ITerm2Launcher.swift */,
				B5B5064F2FF16A1C000F78B1 /* TerminalAppLauncher.swift */,
			);
			path = TerminalLauncher;
			sourceTree = "<group>";
		};
		B5B506532FF16A1C000F78B1 /* Services */ = {
			isa = PBXGroup;
			children = (
				B5B506512FF16A1C000F78B1 /* TerminalLauncher */,
				B5B506522FF16A1C000F78B1 /* FinderService.swift */,
			);
			path = Services;
			sourceTree = "<group>";
		};
/* End PBXGroup section */

/* Begin PBXNativeTarget section */
		B5B506082FF1593C000F78B1 /* opencur */ = {
			isa = PBXNativeTarget;
			buildConfigurationList = B5B506182FF1593D000F78B1 /* Build configuration list for PBXNativeTarget "opencur" */;
			buildPhases = (
				B5B506052FF1593C000F78B1 /* Sources */,
				B5B506062FF1593C000F78B1 /* Frameworks */,
				B5B506072FF1593C000F78B1 /* Resources */,
			);
			buildRules = (
			);
			dependencies = (
			);
			name = opencur;
			productName = opencur;
			productReference = B5B506092FF1593C000F78B1 /* opencur.app */;
			productType = "com.apple.product-type.application";
		};
/* End PBXNativeTarget section */

/* Begin PBXProject section */
		B5B506012FF1593C000F78B1 /* Project object */ = {
			isa = PBXProject;
			attributes = {
				BuildIndependentTargetsInParallel = 1;
				LastSwiftUpdateCheck = 1540;
				LastUpgradeCheck = 1540;
				TargetAttributes = {
					B5B506082FF1593C000F78B1 = {
						CreatedOnToolsVersion = 15.4;
					};
				};
			};
			buildConfigurationList = B5B506042FF1593C000F78B1 /* Build configuration list for PBXProject "opencur" */;
			compatibilityVersion = "Xcode 14.0";
			developmentRegion = en;
			hasScannedForEncodings = 0;
			knownRegions = (
				en,
				Base,
			);
			mainGroup = B5B506002FF1593C000F78B1;
			productRefGroup = B5B5060A2FF1593C000F78B1 /* Products */;
			projectDirPath = "";
			projectRoot = "";
			targets = (
				B5B506082FF1593C000F78B1 /* opencur */,
			);
		};
/* End PBXProject section */

/* Begin PBXResourcesBuildPhase section */
		B5B506072FF1593C000F78B1 /* Resources */ = {
			isa = PBXResourcesBuildPhase;
			buildActionMask = 2147483647;
			files = (
				B5B5064A2FF16A0E000F78B1 /* Assets.xcassets in Resources */,
			);
			runOnlyForDeploymentPostprocessing = 0;
		};
/* End PBXResourcesBuildPhase section */

/* Begin PBXSourcesBuildPhase section */
		B5B506052FF1593C000F78B1 /* Sources */ = {
			isa = PBXSourcesBuildPhase;
			buildActionMask = 2147483647;
			files = (
				B5B506542FF16A1C000F78B1 /* GhosttyLauncher.swift in Sources */,
				B5B506552FF16A1C000F78B1 /* ITerm2Launcher.swift in Sources */,
				B5B506432FF16A05000F78B1 /* ConfigurationManager.swift in Sources */,
				B5B506572FF16A1C000F78B1 /* TerminalAppLauncher.swift in Sources */,
				B5B506442FF16A05000F78B1 /* Errors.swift in Sources */,
				B5B5063E2FF169F9000F78B1 /* App.swift in Sources */,
				B5B506592FF16A1C000F78B1 /* FinderService.swift in Sources */,
				B5B506452FF16A05000F78B1 /* Logger.swift in Sources */,
			);
			runOnlyForDeploymentPostprocessing = 0;
		};
/* End PBXSourcesBuildPhase section */

/* Begin XCBuildConfiguration section */
		B5B506162FF1593D000F78B1 /* Debug */ = {
			isa = XCBuildConfiguration;
			buildSettings = {
				ALWAYS_SEARCH_USER_PATHS = NO;
				ASSETCATALOG_COMPILER_GENERATE_SWIFT_ASSET_SYMBOL_EXTENSIONS = YES;
				CLANG_ANALYZER_NONNULL = YES;
				CLANG_ANALYZER_NUMBER_OBJECT_CONVERSION = YES_AGGRESSIVE;
				CLANG_CXX_LANGUAGE_STANDARD = "gnu++20";
				CLANG_ENABLE_MODULES = YES;
				CLANG_ENABLE_OBJC_ARC = YES;
				CLANG_ENABLE_OBJC_WEAK = YES;
				CLANG_WARN_BLOCK_CAPTURE_AUTORELEASING = YES;
				CLANG_WARN_BOOL_CONVERSION = YES;
				CLANG_WARN_COMMA = YES;
				CLANG_WARN_CONSTANT_CONVERSION = YES;
				CLANG_WARN_DEPRECATED_OBJC_IMPLEMENTATIONS = YES;
				CLANG_WARN_DIRECT_OBJC_ISA_USAGE = YES_ERROR;
				CLANG_WARN_DOCUMENTATION_COMMENTS = YES;
				CLANG_WARN_EMPTY_BODY = YES;
				CLANG_WARN_ENUM_CONVERSION = YES;
				CLANG_WARN_INFINITE_RECURSION = YES;
				CLANG_WARN_INT_CONVERSION = YES;
				CLANG_WARN_NON_LITERAL_NULL_CONVERSION = YES;
				CLANG_WARN_OBJC_IMPLICIT_RETAIN_SELF = YES;
				CLANG_WARN_OBJC_LITERAL_CONVERSION = YES;
				CLANG_WARN_OBJC_ROOT_CLASS = YES_ERROR;
				CLANG_WARN_QUOTED_INCLUDE_IN_FRAMEWORK_HEADER = YES;
				CLANG_WARN_RANGE_LOOP_ANALYSIS = YES;
				CLANG_WARN_STRICT_PROTOTYPES = YES;
				CLANG_WARN_SUSPICIOUS_MOVE = YES;
				CLANG_WARN_UNGUARDED_AVAILABILITY = YES_AGGRESSIVE;
				CLANG_WARN_UNREACHABLE_CODE = YES;
				CLANG_WARN__DUPLICATE_METHOD_MATCH = YES;
				CODE_SIGN_IDENTITY = "";
				CODE_SIGN_STYLE = Manual;
				COPY_PHASE_STRIP = NO;
				DEBUG_INFORMATION_FORMAT = dwarf;
				ENABLE_STRICT_OBJC_MSGSEND = YES;
				ENABLE_TESTABILITY = YES;
				ENABLE_USER_SCRIPT_SANDBOXING = YES;
				GCC_C_LANGUAGE_STANDARD = gnu17;
				GCC_DYNAMIC_NO_PIC = NO;
				GCC_NO_COMMON_BLOCKS = YES;
				GCC_OPTIMIZATION_LEVEL = 0;
				GCC_PREPROCESSOR_DEFINITIONS = (
					"DEBUG=1",
					"$(inherited)",
				);
				GCC_WARN_64_TO_32_BIT_CONVERSION = YES;
				GCC_WARN_ABOUT_RETURN_TYPE = YES_ERROR;
				GCC_WARN_UNDECLARED_SELECTOR = YES;
				GCC_WARN_UNINITIALIZED_AUTOS = YES_AGGRESSIVE;
				GCC_WARN_UNUSED_FUNCTION = YES;
				GCC_WARN_UNUSED_VARIABLE = YES;
				LOCALIZATION_PREFERS_STRING_CATALOGS = YES;
				MACOSX_DEPLOYMENT_TARGET = 14.5;
				MTL_ENABLE_DEBUG_INFO = INCLUDE_SOURCE;
				MTL_FAST_MATH = YES;
				ONLY_ACTIVE_ARCH = YES;
				SDKROOT = macosx;
				SWIFT_ACTIVE_COMPILATION_CONDITIONS = "DEBUG $(inherited)";
				SWIFT_OPTIMIZATION_LEVEL = "-Onone";
			};
			name = Debug;
		};
		B5B506172FF1593D000F78B1 /* Release */ = {
			isa = XCBuildConfiguration;
			buildSettings = {
				ALWAYS_SEARCH_USER_PATHS = NO;
				ASSETCATALOG_COMPILER_GENERATE_SWIFT_ASSET_SYMBOL_EXTENSIONS = YES;
				CLANG_ANALYZER_NONNULL = YES;
				CLANG_ANALYZER_NUMBER_OBJECT_CONVERSION = YES_AGGRESSIVE;
				CLANG_CXX_LANGUAGE_STANDARD = "gnu++20";
				CLANG_ENABLE_MODULES = YES;
				CLANG_ENABLE_OBJC_ARC = YES;
				CLANG_ENABLE_OBJC_WEAK = YES;
				CLANG_WARN_BLOCK_CAPTURE_AUTORELEASING = YES;
				CLANG_WARN_BOOL_CONVERSION = YES;
				CLANG_WARN_COMMA = YES;
				CLANG_WARN_CONSTANT_CONVERSION = YES;
				CLANG_WARN_DEPRECATED_OBJC_IMPLEMENTATIONS = YES;
				CLANG_WARN_DIRECT_OBJC_ISA_USAGE = YES_ERROR;
				CLANG_WARN_DOCUMENTATION_COMMENTS = YES;
				CLANG_WARN_EMPTY_BODY = YES;
				CLANG_WARN_ENUM_CONVERSION = YES;
				CLANG_WARN_INFINITE_RECURSION = YES;
				CLANG_WARN_INT_CONVERSION = YES;
				CLANG_WARN_NON_LITERAL_NULL_CONVERSION = YES;
				CLANG_WARN_OBJC_IMPLICIT_RETAIN_SELF = YES;
				CLANG_WARN_OBJC_LITERAL_CONVERSION = YES;
				CLANG_WARN_OBJC_ROOT_CLASS = YES_ERROR;
				CLANG_WARN_QUOTED_INCLUDE_IN_FRAMEWORK_HEADER = YES;
				CLANG_WARN_RANGE_LOOP_ANALYSIS = YES;
				CLANG_WARN_STRICT_PROTOTYPES = YES;
				CLANG_WARN_SUSPICIOUS_MOVE = YES;
				CLANG_WARN_UNGUARDED_AVAILABILITY = YES_AGGRESSIVE;
				CLANG_WARN_UNREACHABLE_CODE = YES;
				CLANG_WARN__DUPLICATE_METHOD_MATCH = YES;
				CODE_SIGN_IDENTITY = "";
				CODE_SIGN_STYLE = Manual;
				COPY_PHASE_STRIP = NO;
				DEBUG_INFORMATION_FORMAT = "dwarf-with-dsym";
				ENABLE_NS_ASSERTIONS = NO;
				ENABLE_STRICT_OBJC_MSGSEND = YES;
				ENABLE_USER_SCRIPT_SANDBOXING = YES;
				GCC_C_LANGUAGE_STANDARD = gnu17;
				GCC_NO_COMMON_BLOCKS = YES;
				GCC_WARN_64_TO_32_BIT_CONVERSION = YES;
				GCC_WARN_ABOUT_RETURN_TYPE = YES_ERROR;
				GCC_WARN_UNDECLARED_SELECTOR = YES;
				GCC_WARN_UNINITIALIZED_AUTOS = YES_AGGRESSIVE;
				GCC_WARN_UNUSED_FUNCTION = YES;
				GCC_WARN_UNUSED_VARIABLE = YES;
				LOCALIZATION_PREFERS_STRING_CATALOGS = YES;
				MACOSX_DEPLOYMENT_TARGET = 14.5;
				MTL_ENABLE_DEBUG_INFO = NO;
				MTL_FAST_MATH = YES;
				SDKROOT = macosx;
				SWIFT_COMPILATION_MODE = wholemodule;
			};
			name = Release;
		};
		B5B506192FF1593D000F78B1 /* Debug */ = {
			isa = XCBuildConfiguration;
			buildSettings = {
				ASSETCATALOG_COMPILER_APPICON_NAME = AppIcon;
				CODE_SIGN_ENTITLEMENTS = Resources/opencur.entitlements;
				CODE_SIGN_IDENTITY = "";
				"CODE_SIGN_IDENTITY[sdk=macosx*]" = "";
				CODE_SIGN_STYLE = Manual;
				COMBINE_HIDPI_IMAGES = YES;
				CURRENT_PROJECT_VERSION = 1;
				DEVELOPMENT_ASSET_PATHS = "";
				DEVELOPMENT_TEAM = "";
				ENABLE_HARDENED_RUNTIME = YES;
				ENABLE_PREVIEWS = YES;
				GENERATE_INFOPLIST_FILE = NO;
				INFOPLIST_FILE = Resources/Info.plist;
				INFOPLIST_KEY_NSHumanReadableCopyright = "";
				LD_RUNPATH_SEARCH_PATHS = (
					"$(inherited)",
					"@executable_path/../Frameworks",
				);
				MARKETING_VERSION = 1.0;
				PRODUCT_BUNDLE_IDENTIFIER = com.github.joshaken.opencur;
				PRODUCT_NAME = "$(TARGET_NAME)";
				PROVISIONING_PROFILE_SPECIFIER = "";
				SWIFT_EMIT_LOC_STRINGS = YES;
				SWIFT_VERSION = 5.0;
			};
			name = Debug;
		};
		B5B5061A2FF1593D000F78B1 /* Release */ = {
			isa = XCBuildConfiguration;
			buildSettings = {
				ASSETCATALOG_COMPILER_APPICON_NAME = AppIcon;
				CODE_SIGN_ENTITLEMENTS = Resources/opencur.entitlements;
				CODE_SIGN_IDENTITY = "";
				"CODE_SIGN_IDENTITY[sdk=macosx*]" = "";
				CODE_SIGN_STYLE = Manual;
				COMBINE_HIDPI_IMAGES = YES;
				CURRENT_PROJECT_VERSION = 1;
				DEVELOPMENT_ASSET_PATHS = "";
				DEVELOPMENT_TEAM = "";
				ENABLE_HARDENED_RUNTIME = YES;
				ENABLE_PREVIEWS = YES;
				GENERATE_INFOPLIST_FILE = NO;
				INFOPLIST_FILE = Resources/Info.plist;
				INFOPLIST_KEY_NSHumanReadableCopyright = "";
				LD_RUNPATH_SEARCH_PATHS = (
					"$(inherited)",
					"@executable_path/../Frameworks",
				);
				MARKETING_VERSION = 1.0;
				PRODUCT_BUNDLE_IDENTIFIER = com.github.joshaken.opencur;
				PRODUCT_NAME = "$(TARGET_NAME)";
				PROVISIONING_PROFILE_SPECIFIER = "";
				SWIFT_EMIT_LOC_STRINGS = YES;
				SWIFT_VERSION = 5.0;
			};
			name = Release;
		};
/* End XCBuildConfiguration section */

/* Begin XCConfigurationList section */
		B5B506042FF1593C000F78B1 /* Build configuration list for PBXProject "opencur" */ = {
			isa = XCConfigurationList;
			buildConfigurations = (
				B5B506162FF1593D000F78B1 /* Debug */,
				B5B506172FF1593D000F78B1 /* Release */,
			);
			defaultConfigurationIsVisible = 0;
			defaultConfigurationName = Release;
		};
		B5B506182FF1593D000F78B1 /* Build configuration list for PBXNativeTarget "opencur" */ = {
			isa = XCConfigurationList;
			buildConfigurations = (
				B5B506192FF1593D000F78B1 /* Debug */,
				B5B5061A2FF1593D000F78B1 /* Release */,
			);
			defaultConfigurationIsVisible = 0;
			defaultConfigurationName = Release;
		};
/* End XCConfigurationList section */
	};
	rootObject = B5B506012FF1593C000F78B1 /* Project object */;
}
